
Microsoft Visual Studio Solution File, Format Version 12.00
# Visual Studio 2012
Project("{FAE04EC0-301F-11D3-BF4B-00C04F79EFBC}") = "ITV", "ITV\ITV.csproj", "{8D46A2F7-7B89-4055-AA8F-0657E03670AB}"
EndProject
Project("{F184B08F-C81C-45F6-A57F-5ABD9991F28F}") = "ConexionBBDD", "ConexionBBDD\ConexionBBDD.vbproj", "{7CE0C638-9672-4101-95F0-7D45B9B77E6C}"
EndProject
Project("{FAE04EC0-301F-11D3-BF4B-00C04F79EFBC}") = "CustomComboBox", "CustomComboBox\CustomComboBox.csproj", "{F2F1442B-B0BD-4A52-AD87-E2FA7F7D2DD9}"
EndProject
Project("{FAE04EC0-301F-11D3-BF4B-00C04F79EFBC}") = "CustomTextbox", "CustomTextbox\CustomTextbox.csproj", "{96571240-9AE9-4D71-AC3E-B0AD6BE45B0A}"
EndProject
Project("{FAE04EC0-301F-11D3-BF4B-00C04F79EFBC}") = "ProgressBarGasos", "ProgressBarGasos\ProgressBarGasos.csproj", "{838C0E4F-5CB8-4A55-8E89-F59281CA5E7B}"
EndProject
Project("{FAE04EC0-301F-11D3-BF4B-00C04F79EFBC}") = "FormBase", "FormBase\FormBase.csproj", "{AB277B6C-9534-4065-A6C9-6F022F3F924B}"
EndProject
Global
	GlobalSection(SolutionConfigurationPlatforms) = preSolution
		Debug|Any CPU = Debug|Any CPU
		Release|Any CPU = Release|Any CPU
	EndGlobalSection
	GlobalSection(ProjectConfigurationPlatforms) = postSolution
		{8D46A2F7-7B89-4055-AA8F-0657E03670AB}.Debug|Any CPU.ActiveCfg = Debug|Any CPU
		{8D46A2F7-7B89-4055-AA8F-0657E03670AB}.Debug|Any CPU.Build.0 = Debug|Any CPU
		{8D46A2F7-7B89-4055-AA8F-0657E03670AB}.Release|Any CPU.ActiveCfg = Release|Any CPU
		{8D46A2F7-7B89-4055-AA8F-0657E03670AB}.Release|Any CPU.Build.0 = Release|Any CPU
		{7CE0C638-9672-4101-95F0-7D45B9B77E6C}.Debug|Any CPU.ActiveCfg = Debug|Any CPU
		{7CE0C638-9672-4101-95F0-7D45B9B77E6C}.Debug|Any CPU.Build.0 = Debug|Any CPU
		{7CE0C638-9672-4101-95F0-7D45B9B77E6C}.Release|Any CPU.ActiveCfg = Release|Any CPU
		{7CE0C638-9672-4101-95F0-7D45B9B77E6C}.Release|Any CPU.Build.0 = Release|Any CPU
		{F2F1442B-B0BD-4A52-AD87-E2FA7F7D2DD9}.Debug|Any CPU.ActiveCfg = Debug|Any CPU
		{F2F1442B-B0BD-4A52-AD87-E2FA7F7D2DD9}.Debug|Any CPU.Build.0 = Debug|Any CPU
		{F2F1442B-B0BD-4A52-AD87-E2FA7F7D2DD9}.Release|Any CPU.ActiveCfg = Release|Any CPU
		{F2F1442B-B0BD-4A52-AD87-E2FA7F7D2DD9}.Release|Any CPU.Build.0 = Release|Any CPU
		{96571240-9AE9-4D71-AC3E-B0AD6BE45B0A}.Debug|Any CPU.ActiveCfg = Debug|Any CPU
		{96571240-9AE9-4D71-AC3E-B0AD6BE45B0A}.Debug|Any CPU.Build.0 = Debug|Any CPU
		{96571240-9AE9-4D71-AC3E-B0AD6BE45B0A}.Release|Any CPU.ActiveCfg = Release|Any CPU
		{96571240-9AE9-4D71-AC3E-B0AD6BE45B0A}.Release|Any CPU.Build.0 = Release|Any CPU
		{838C0E4F-5CB8-4A55-8E89-F59281CA5E7B}.Debug|Any CPU.ActiveCfg = Debug|Any CPU
		{838C0E4F-5CB8-4A55-8E89-F59281CA5E7B}.Debug|Any CPU.Build.0 = Debug|Any CPU
		{838C0E4F-5CB8-4A55-8E89-F59281CA5E7B}.Release|Any CPU.ActiveCfg = Release|Any CPU
		{838C0E4F-5CB8-4A55-8E89-F59281CA5E7B}.Release|Any CPU.Build.0 = Release|Any CPU
		{AB277B6C-9534-4065-A6C9-6F022F3F924B}.Debug|Any CPU.ActiveCfg = Debug|Any CPU
		{AB277B6C-9534-4065-A6C9-6F022F3F924B}.Debug|Any CPU.Build.0 = Debug|Any CPU
		{AB277B6C-9534-4065-A6C9-6F022F3F924B}.Release|Any CPU.ActiveCfg = Release|Any CPU
		{AB277B6C-9534-4065-A6C9-6F022F3F924B}.Release|Any CPU.Build.0 = Release|Any CPU
	EndGlobalSection
	GlobalSection(SolutionProperties) = preSolution
		HideSolutionNode = FALSE
	EndGlobalSection
EndGlobal
